
Microsoft Visual Studio Solution File, Format Version 12.00
# Visual Studio 2012
Project("{FAE04EC0-301F-11D3-BF4B-00C04F79EFBC}") = "Ejercicio01", "Ejercicio01\Ejercicio01.csproj", "{0C3A6169-919E-432E-A991-BE8BC212CE3F}"
EndProject
Project("{FAE04EC0-301F-11D3-BF4B-00C04F79EFBC}") = "Ejercicio02", "Ejercicio02\Ejercicio02.csproj", "{A5CB0F74-F0B9-4B10-955B-643660C43EDF}"
EndProject
Project("{FAE04EC0-301F-11D3-BF4B-00C04F79EFBC}") = "Ejercicio03", "Ejercicio03\Ejercicio03.csproj", "{B547E56E-DBB3-4390-B38F-5FA5D352A2EF}"
EndProject
Project("{FAE04EC0-301F-11D3-BF4B-00C04F79EFBC}") = "Ejercicio04", "Ejercicio04\Ejercicio04.csproj", "{75344561-CE6A-4D32-A784-FD55AD303661}"
EndProject
Project("{FAE04EC0-301F-11D3-BF4B-00C04F79EFBC}") = "Ejercicio05", "Ejercicio05\Ejercicio05.csproj", "{4912AC7B-8A8F-4AB8-A1F8-B66CF8A8D746}"
EndProject
Project("{FAE04EC0-301F-11D3-BF4B-00C04F79EFBC}") = "Ejercicio06", "Ejercicio06\Ejercicio06.csproj", "{13696167-99E8-490E-8713-BB757AE0C1EC}"
EndProject
Project("{FAE04EC0-301F-11D3-BF4B-00C04F79EFBC}") = "Ejercicio07", "Ejercicio07\Ejercicio07.csproj", "{F87A54EC-DD13-46F4-A0E9-6FAFD8CF143D}"
EndProject
Project("{FAE04EC0-301F-11D3-BF4B-00C04F79EFBC}") = "EjerClase02", "EjerClase02\EjerClase02.csproj", "{F15090C1-198B-41FC-84E7-F155AFD8A35A}"
EndProject
Project("{FAE04EC0-301F-11D3-BF4B-00C04F79EFBC}") = "EntidadSello", "EntidadSello\EntidadSello.csproj", "{019E363D-DF98-4E3B-A0CF-3041A24F14E7}"
EndProject
Project("{FAE04EC0-301F-11D3-BF4B-00C04F79EFBC}") = "Ejercicio08", "Ejercicio08\Ejercicio08.csproj", "{9C6BC419-1526-4E6C-BB32-C10942F86545}"
EndProject
Project("{FAE04EC0-301F-11D3-BF4B-00C04F79EFBC}") = "Ejercicio09", "Ejercicio09\Ejercicio09.csproj", "{F8584913-DEA8-4B7E-B4A1-E8C37C6866AE}"
EndProject
Project("{FAE04EC0-301F-11D3-BF4B-00C04F79EFBC}") = "Ejercicio10", "Ejercicio10\Ejercicio10.csproj", "{5CBB2098-6471-48FA-856A-7B4A4BFFCA6F}"
EndProject
Project("{FAE04EC0-301F-11D3-BF4B-00C04F79EFBC}") = "Ejercicio11", "Ejercicio11\Ejercicio11.csproj", "{4B109E4C-9A2C-4447-A289-00AAFDE40236}"
EndProject
Project("{FAE04EC0-301F-11D3-BF4B-00C04F79EFBC}") = "Ejercicio12", "Ejercicio12\Ejercicio12.csproj", "{815F4727-C0CD-4207-BE31-8001478AC4AB}"
EndProject
Project("{FAE04EC0-301F-11D3-BF4B-00C04F79EFBC}") = "Ejercicio13", "Ejercicio13\Ejercicio13.csproj", "{303356F5-15EE-47D6-B538-5FDAFB15A367}"
EndProject
Project("{FAE04EC0-301F-11D3-BF4B-00C04F79EFBC}") = "Ejercicio14", "Ejercicio14\Ejercicio14.csproj", "{A33F0F68-5FD5-482C-AD4D-814940073C70}"
EndProject
Project("{FAE04EC0-301F-11D3-BF4B-00C04F79EFBC}") = "Ejercicio15", "Ejercicio15\Ejercicio15.csproj", "{4E244F87-F20D-4BBC-AC7C-84FD9F4B7DE8}"
EndProject
Project("{FAE04EC0-301F-11D3-BF4B-00C04F79EFBC}") = "EjerClase03_Ejercicio18", "EjerClase03-Ejercicio18\EjerClase03_Ejercicio18.csproj", "{EBBE5231-86AE-4E5F-B28D-629E588C0F80}"
EndProject
Project("{FAE04EC0-301F-11D3-BF4B-00C04F79EFBC}") = "Ejercicio17", "Ejercicio17\Ejercicio17.csproj", "{E511D079-C880-4E51-94CB-63DAC652734F}"
EndProject
Project("{FAE04EC0-301F-11D3-BF4B-00C04F79EFBC}") = "EjerClase04_Cosa", "Cosa\EjerClase04_Cosa.csproj", "{82683B1F-1DB1-4F7E-8BE6-BD921359DE46}"
EndProject
Project("{FAE04EC0-301F-11D3-BF4B-00C04F79EFBC}") = "EjerClase04", "EjerClase04\EjerClase04.csproj", "{D3E5EE42-A5BB-45C9-A5CD-2249C322C893}"
EndProject
Project("{FAE04EC0-301F-11D3-BF4B-00C04F79EFBC}") = "EjerClase04_Form", "EjerClase04_Form\EjerClase04_Form.csproj", "{8AE957CA-4A84-4D4D-8066-0DEE66E9EAA3}"
EndProject
Project("{FAE04EC0-301F-11D3-BF4B-00C04F79EFBC}") = "EjerClase05-Entidades", "EjerClase05-Library\EjerClase05-Entidades.csproj", "{4128AB0F-097F-4C43-9EB3-220FA1D1468B}"
EndProject
Project("{FAE04EC0-301F-11D3-BF4B-00C04F79EFBC}") = "Ejercicio16", "Ejercicio16\Ejercicio16.csproj", "{085B687E-C3A8-4FC0-8477-5E3DA194BE90}"
EndProject
Project("{FAE04EC0-301F-11D3-BF4B-00C04F79EFBC}") = "EjerClase05-TestTinta", "EjerClase05-Exe\EjerClase05-TestTinta.csproj", "{20CDF8FB-10D3-4D58-B38B-9DC3AE93FC5E}"
EndProject
Project("{FAE04EC0-301F-11D3-BF4B-00C04F79EFBC}") = "Ejercicio19", "Ejercicio19\Ejercicio19.csproj", "{97B79B5E-EB63-4BD3-8526-252CE3CA0E80}"
EndProject
Project("{FAE04EC0-301F-11D3-BF4B-00C04F79EFBC}") = "Ejercicio20", "Ejercicio20\Ejercicio20.csproj", "{EA6EAD22-B020-48D4-9ED9-324AF9A404BF}"
EndProject
Project("{FAE04EC0-301F-11D3-BF4B-00C04F79EFBC}") = "EjerClase06-Entidades", "EjerClase06-Entidades\EjerClase06-Entidades.csproj", "{C95C2FE0-7BF0-4990-A19D-26CCE95446E0}"
EndProject
Project("{FAE04EC0-301F-11D3-BF4B-00C04F79EFBC}") = "EjerClase06-Exe", "EjerClase06-Exe\EjerClase06-Exe.csproj", "{17157AC3-70F0-4221-962D-E1E402FD34E8}"
EndProject
Project("{FAE04EC0-301F-11D3-BF4B-00C04F79EFBC}") = "EjerClase07-Ejercicio29-Clases", "EjerClase07-Ejercicio29-Clases\EjerClase07-Ejercicio29-Clases.csproj", "{D3F86508-2F34-4CB0-A8D7-FD887835A62F}"
EndProject
Project("{FAE04EC0-301F-11D3-BF4B-00C04F79EFBC}") = "EjerClase07-Ejercicio29-Exe", "EjerClase07-Ejercicio29-Exe\EjerClase07-Ejercicio29-Exe.csproj", "{F14653F9-6A40-41B8-8FF3-EB64E3323DAF}"
EndProject
Project("{FAE04EC0-301F-11D3-BF4B-00C04F79EFBC}") = "Equipos.Jugadores.WindowsForm", "Equipos.Jugadores.WindowsForm\Equipos.Jugadores.WindowsForm.csproj", "{A7E628DC-0456-4278-ADA1-94F22AF3131E}"
EndProject
Project("{FAE04EC0-301F-11D3-BF4B-00C04F79EFBC}") = "EjerClase08", "EjerClase08\EjerClase08.csproj", "{42B2B3F9-3C3D-4A22-8119-85AEFDE35F0C}"
EndProject
Project("{FAE04EC0-301F-11D3-BF4B-00C04F79EFBC}") = "EjerClase08-Exe", "EjerClase08-Exe\EjerClase08-Exe.csproj", "{7D38FC90-075B-4148-9FF4-B1B033C54E38}"
EndProject
Global
	GlobalSection(SolutionConfigurationPlatforms) = preSolution
		Debug|Any CPU = Debug|Any CPU
		Release|Any CPU = Release|Any CPU
	EndGlobalSection
	GlobalSection(ProjectConfigurationPlatforms) = postSolution
		{0C3A6169-919E-432E-A991-BE8BC212CE3F}.Debug|Any CPU.ActiveCfg = Debug|Any CPU
		{0C3A6169-919E-432E-A991-BE8BC212CE3F}.Debug|Any CPU.Build.0 = Debug|Any CPU
		{0C3A6169-919E-432E-A991-BE8BC212CE3F}.Release|Any CPU.ActiveCfg = Release|Any CPU
		{0C3A6169-919E-432E-A991-BE8BC212CE3F}.Release|Any CPU.Build.0 = Release|Any CPU
		{A5CB0F74-F0B9-4B10-955B-643660C43EDF}.Debug|Any CPU.ActiveCfg = Debug|Any CPU
		{A5CB0F74-F0B9-4B10-955B-643660C43EDF}.Debug|Any CPU.Build.0 = Debug|Any CPU
		{A5CB0F74-F0B9-4B10-955B-643660C43EDF}.Release|Any CPU.ActiveCfg = Release|Any CPU
		{A5CB0F74-F0B9-4B10-955B-643660C43EDF}.Release|Any CPU.Build.0 = Release|Any CPU
		{B547E56E-DBB3-4390-B38F-5FA5D352A2EF}.Debug|Any CPU.ActiveCfg = Debug|Any CPU
		{B547E56E-DBB3-4390-B38F-5FA5D352A2EF}.Debug|Any CPU.Build.0 = Debug|Any CPU
		{B547E56E-DBB3-4390-B38F-5FA5D352A2EF}.Release|Any CPU.ActiveCfg = Release|Any CPU
		{B547E56E-DBB3-4390-B38F-5FA5D352A2EF}.Release|Any CPU.Build.0 = Release|Any CPU
		{75344561-CE6A-4D32-A784-FD55AD303661}.Debug|Any CPU.ActiveCfg = Debug|Any CPU
		{75344561-CE6A-4D32-A784-FD55AD303661}.Debug|Any CPU.Build.0 = Debug|Any CPU
		{75344561-CE6A-4D32-A784-FD55AD303661}.Release|Any CPU.ActiveCfg = Release|Any CPU
		{75344561-CE6A-4D32-A784-FD55AD303661}.Release|Any CPU.Build.0 = Release|Any CPU
		{4912AC7B-8A8F-4AB8-A1F8-B66CF8A8D746}.Debug|Any CPU.ActiveCfg = Debug|Any CPU
		{4912AC7B-8A8F-4AB8-A1F8-B66CF8A8D746}.Debug|Any CPU.Build.0 = Debug|Any CPU
		{4912AC7B-8A8F-4AB8-A1F8-B66CF8A8D746}.Release|Any CPU.ActiveCfg = Release|Any CPU
		{4912AC7B-8A8F-4AB8-A1F8-B66CF8A8D746}.Release|Any CPU.Build.0 = Release|Any CPU
		{13696167-99E8-490E-8713-BB757AE0C1EC}.Debug|Any CPU.ActiveCfg = Debug|Any CPU
		{13696167-99E8-490E-8713-BB757AE0C1EC}.Debug|Any CPU.Build.0 = Debug|Any CPU
		{13696167-99E8-490E-8713-BB757AE0C1EC}.Release|Any CPU.ActiveCfg = Release|Any CPU
		{13696167-99E8-490E-8713-BB757AE0C1EC}.Release|Any CPU.Build.0 = Release|Any CPU
		{F87A54EC-DD13-46F4-A0E9-6FAFD8CF143D}.Debug|Any CPU.ActiveCfg = Debug|Any CPU
		{F87A54EC-DD13-46F4-A0E9-6FAFD8CF143D}.Debug|Any CPU.Build.0 = Debug|Any CPU
		{F87A54EC-DD13-46F4-A0E9-6FAFD8CF143D}.Release|Any CPU.ActiveCfg = Release|Any CPU
		{F87A54EC-DD13-46F4-A0E9-6FAFD8CF143D}.Release|Any CPU.Build.0 = Release|Any CPU
		{F15090C1-198B-41FC-84E7-F155AFD8A35A}.Debug|Any CPU.ActiveCfg = Debug|Any CPU
		{F15090C1-198B-41FC-84E7-F155AFD8A35A}.Debug|Any CPU.Build.0 = Debug|Any CPU
		{F15090C1-198B-41FC-84E7-F155AFD8A35A}.Release|Any CPU.ActiveCfg = Release|Any CPU
		{F15090C1-198B-41FC-84E7-F155AFD8A35A}.Release|Any CPU.Build.0 = Release|Any CPU
		{019E363D-DF98-4E3B-A0CF-3041A24F14E7}.Debug|Any CPU.ActiveCfg = Debug|Any CPU
		{019E363D-DF98-4E3B-A0CF-3041A24F14E7}.Debug|Any CPU.Build.0 = Debug|Any CPU
		{019E363D-DF98-4E3B-A0CF-3041A24F14E7}.Release|Any CPU.ActiveCfg = Release|Any CPU
		{019E363D-DF98-4E3B-A0CF-3041A24F14E7}.Release|Any CPU.Build.0 = Release|Any CPU
		{9C6BC419-1526-4E6C-BB32-C10942F86545}.Debug|Any CPU.ActiveCfg = Debug|Any CPU
		{9C6BC419-1526-4E6C-BB32-C10942F86545}.Debug|Any CPU.Build.0 = Debug|Any CPU
		{9C6BC419-1526-4E6C-BB32-C10942F86545}.Release|Any CPU.ActiveCfg = Release|Any CPU
		{9C6BC419-1526-4E6C-BB32-C10942F86545}.Release|Any CPU.Build.0 = Release|Any CPU
		{F8584913-DEA8-4B7E-B4A1-E8C37C6866AE}.Debug|Any CPU.ActiveCfg = Debug|Any CPU
		{F8584913-DEA8-4B7E-B4A1-E8C37C6866AE}.Debug|Any CPU.Build.0 = Debug|Any CPU
		{F8584913-DEA8-4B7E-B4A1-E8C37C6866AE}.Release|Any CPU.ActiveCfg = Release|Any CPU
		{F8584913-DEA8-4B7E-B4A1-E8C37C6866AE}.Release|Any CPU.Build.0 = Release|Any CPU
		{5CBB2098-6471-48FA-856A-7B4A4BFFCA6F}.Debug|Any CPU.ActiveCfg = Debug|Any CPU
		{5CBB2098-6471-48FA-856A-7B4A4BFFCA6F}.Debug|Any CPU.Build.0 = Debug|Any CPU
		{5CBB2098-6471-48FA-856A-7B4A4BFFCA6F}.Release|Any CPU.ActiveCfg = Release|Any CPU
		{5CBB2098-6471-48FA-856A-7B4A4BFFCA6F}.Release|Any CPU.Build.0 = Release|Any CPU
		{4B109E4C-9A2C-4447-A289-00AAFDE40236}.Debug|Any CPU.ActiveCfg = Debug|Any CPU
		{4B109E4C-9A2C-4447-A289-00AAFDE40236}.Debug|Any CPU.Build.0 = Debug|Any CPU
		{4B109E4C-9A2C-4447-A289-00AAFDE40236}.Release|Any CPU.ActiveCfg = Release|Any CPU
		{4B109E4C-9A2C-4447-A289-00AAFDE40236}.Release|Any CPU.Build.0 = Release|Any CPU
		{815F4727-C0CD-4207-BE31-8001478AC4AB}.Debug|Any CPU.ActiveCfg = Debug|Any CPU
		{815F4727-C0CD-4207-BE31-8001478AC4AB}.Debug|Any CPU.Build.0 = Debug|Any CPU
		{815F4727-C0CD-4207-BE31-8001478AC4AB}.Release|Any CPU.ActiveCfg = Release|Any CPU
		{815F4727-C0CD-4207-BE31-8001478AC4AB}.Release|Any CPU.Build.0 = Release|Any CPU
		{303356F5-15EE-47D6-B538-5FDAFB15A367}.Debug|Any CPU.ActiveCfg = Debug|Any CPU
		{303356F5-15EE-47D6-B538-5FDAFB15A367}.Debug|Any CPU.Build.0 = Debug|Any CPU
		{303356F5-15EE-47D6-B538-5FDAFB15A367}.Release|Any CPU.ActiveCfg = Release|Any CPU
		{303356F5-15EE-47D6-B538-5FDAFB15A367}.Release|Any CPU.Build.0 = Release|Any CPU
		{A33F0F68-5FD5-482C-AD4D-814940073C70}.Debug|Any CPU.ActiveCfg = Debug|Any CPU
		{A33F0F68-5FD5-482C-AD4D-814940073C70}.Debug|Any CPU.Build.0 = Debug|Any CPU
		{A33F0F68-5FD5-482C-AD4D-814940073C70}.Release|Any CPU.ActiveCfg = Release|Any CPU
		{A33F0F68-5FD5-482C-AD4D-814940073C70}.Release|Any CPU.Build.0 = Release|Any CPU
		{4E244F87-F20D-4BBC-AC7C-84FD9F4B7DE8}.Debug|Any CPU.ActiveCfg = Debug|Any CPU
		{4E244F87-F20D-4BBC-AC7C-84FD9F4B7DE8}.Debug|Any CPU.Build.0 = Debug|Any CPU
		{4E244F87-F20D-4BBC-AC7C-84FD9F4B7DE8}.Release|Any CPU.ActiveCfg = Release|Any CPU
		{4E244F87-F20D-4BBC-AC7C-84FD9F4B7DE8}.Release|Any CPU.Build.0 = Release|Any CPU
		{EBBE5231-86AE-4E5F-B28D-629E588C0F80}.Debug|Any CPU.ActiveCfg = Debug|Any CPU
		{EBBE5231-86AE-4E5F-B28D-629E588C0F80}.Debug|Any CPU.Build.0 = Debug|Any CPU
		{EBBE5231-86AE-4E5F-B28D-629E588C0F80}.Release|Any CPU.ActiveCfg = Release|Any CPU
		{EBBE5231-86AE-4E5F-B28D-629E588C0F80}.Release|Any CPU.Build.0 = Release|Any CPU
		{E511D079-C880-4E51-94CB-63DAC652734F}.Debug|Any CPU.ActiveCfg = Debug|Any CPU
		{E511D079-C880-4E51-94CB-63DAC652734F}.Debug|Any CPU.Build.0 = Debug|Any CPU
		{E511D079-C880-4E51-94CB-63DAC652734F}.Release|Any CPU.ActiveCfg = Release|Any CPU
		{E511D079-C880-4E51-94CB-63DAC652734F}.Release|Any CPU.Build.0 = Release|Any CPU
		{82683B1F-1DB1-4F7E-8BE6-BD921359DE46}.Debug|Any CPU.ActiveCfg = Debug|Any CPU
		{82683B1F-1DB1-4F7E-8BE6-BD921359DE46}.Debug|Any CPU.Build.0 = Debug|Any CPU
		{82683B1F-1DB1-4F7E-8BE6-BD921359DE46}.Release|Any CPU.ActiveCfg = Release|Any CPU
		{82683B1F-1DB1-4F7E-8BE6-BD921359DE46}.Release|Any CPU.Build.0 = Release|Any CPU
		{D3E5EE42-A5BB-45C9-A5CD-2249C322C893}.Debug|Any CPU.ActiveCfg = Debug|Any CPU
		{D3E5EE42-A5BB-45C9-A5CD-2249C322C893}.Debug|Any CPU.Build.0 = Debug|Any CPU
		{D3E5EE42-A5BB-45C9-A5CD-2249C322C893}.Release|Any CPU.ActiveCfg = Release|Any CPU
		{D3E5EE42-A5BB-45C9-A5CD-2249C322C893}.Release|Any CPU.Build.0 = Release|Any CPU
		{8AE957CA-4A84-4D4D-8066-0DEE66E9EAA3}.Debug|Any CPU.ActiveCfg = Debug|Any CPU
		{8AE957CA-4A84-4D4D-8066-0DEE66E9EAA3}.Debug|Any CPU.Build.0 = Debug|Any CPU
		{8AE957CA-4A84-4D4D-8066-0DEE66E9EAA3}.Release|Any CPU.ActiveCfg = Release|Any CPU
		{8AE957CA-4A84-4D4D-8066-0DEE66E9EAA3}.Release|Any CPU.Build.0 = Release|Any CPU
		{4128AB0F-097F-4C43-9EB3-220FA1D1468B}.Debug|Any CPU.ActiveCfg = Debug|Any CPU
		{4128AB0F-097F-4C43-9EB3-220FA1D1468B}.Debug|Any CPU.Build.0 = Debug|Any CPU
		{4128AB0F-097F-4C43-9EB3-220FA1D1468B}.Release|Any CPU.ActiveCfg = Release|Any CPU
		{4128AB0F-097F-4C43-9EB3-220FA1D1468B}.Release|Any CPU.Build.0 = Release|Any CPU
		{085B687E-C3A8-4FC0-8477-5E3DA194BE90}.Debug|Any CPU.ActiveCfg = Debug|Any CPU
		{085B687E-C3A8-4FC0-8477-5E3DA194BE90}.Debug|Any CPU.Build.0 = Debug|Any CPU
		{085B687E-C3A8-4FC0-8477-5E3DA194BE90}.Release|Any CPU.ActiveCfg = Release|Any CPU
		{085B687E-C3A8-4FC0-8477-5E3DA194BE90}.Release|Any CPU.Build.0 = Release|Any CPU
		{20CDF8FB-10D3-4D58-B38B-9DC3AE93FC5E}.Debug|Any CPU.ActiveCfg = Debug|Any CPU
		{20CDF8FB-10D3-4D58-B38B-9DC3AE93FC5E}.Debug|Any CPU.Build.0 = Debug|Any CPU
		{20CDF8FB-10D3-4D58-B38B-9DC3AE93FC5E}.Release|Any CPU.ActiveCfg = Release|Any CPU
		{20CDF8FB-10D3-4D58-B38B-9DC3AE93FC5E}.Release|Any CPU.Build.0 = Release|Any CPU
		{97B79B5E-EB63-4BD3-8526-252CE3CA0E80}.Debug|Any CPU.ActiveCfg = Debug|Any CPU
		{97B79B5E-EB63-4BD3-8526-252CE3CA0E80}.Debug|Any CPU.Build.0 = Debug|Any CPU
		{97B79B5E-EB63-4BD3-8526-252CE3CA0E80}.Release|Any CPU.ActiveCfg = Release|Any CPU
		{97B79B5E-EB63-4BD3-8526-252CE3CA0E80}.Release|Any CPU.Build.0 = Release|Any CPU
		{EA6EAD22-B020-48D4-9ED9-324AF9A404BF}.Debug|Any CPU.ActiveCfg = Debug|Any CPU
		{EA6EAD22-B020-48D4-9ED9-324AF9A404BF}.Debug|Any CPU.Build.0 = Debug|Any CPU
		{EA6EAD22-B020-48D4-9ED9-324AF9A404BF}.Release|Any CPU.ActiveCfg = Release|Any CPU
		{EA6EAD22-B020-48D4-9ED9-324AF9A404BF}.Release|Any CPU.Build.0 = Release|Any CPU
		{C95C2FE0-7BF0-4990-A19D-26CCE95446E0}.Debug|Any CPU.ActiveCfg = Debug|Any CPU
		{C95C2FE0-7BF0-4990-A19D-26CCE95446E0}.Debug|Any CPU.Build.0 = Debug|Any CPU
		{C95C2FE0-7BF0-4990-A19D-26CCE95446E0}.Release|Any CPU.ActiveCfg = Release|Any CPU
		{C95C2FE0-7BF0-4990-A19D-26CCE95446E0}.Release|Any CPU.Build.0 = Release|Any CPU
		{17157AC3-70F0-4221-962D-E1E402FD34E8}.Debug|Any CPU.ActiveCfg = Debug|Any CPU
		{17157AC3-70F0-4221-962D-E1E402FD34E8}.Debug|Any CPU.Build.0 = Debug|Any CPU
		{17157AC3-70F0-4221-962D-E1E402FD34E8}.Release|Any CPU.ActiveCfg = Release|Any CPU
		{17157AC3-70F0-4221-962D-E1E402FD34E8}.Release|Any CPU.Build.0 = Release|Any CPU
		{D3F86508-2F34-4CB0-A8D7-FD887835A62F}.Debug|Any CPU.ActiveCfg = Debug|Any CPU
		{D3F86508-2F34-4CB0-A8D7-FD887835A62F}.Debug|Any CPU.Build.0 = Debug|Any CPU
		{D3F86508-2F34-4CB0-A8D7-FD887835A62F}.Release|Any CPU.ActiveCfg = Release|Any CPU
		{D3F86508-2F34-4CB0-A8D7-FD887835A62F}.Release|Any CPU.Build.0 = Release|Any CPU
		{F14653F9-6A40-41B8-8FF3-EB64E3323DAF}.Debug|Any CPU.ActiveCfg = Debug|Any CPU
		{F14653F9-6A40-41B8-8FF3-EB64E3323DAF}.Debug|Any CPU.Build.0 = Debug|Any CPU
		{F14653F9-6A40-41B8-8FF3-EB64E3323DAF}.Release|Any CPU.ActiveCfg = Release|Any CPU
		{F14653F9-6A40-41B8-8FF3-EB64E3323DAF}.Release|Any CPU.Build.0 = Release|Any CPU
		{A7E628DC-0456-4278-ADA1-94F22AF3131E}.Debug|Any CPU.ActiveCfg = Debug|Any CPU
		{A7E628DC-0456-4278-ADA1-94F22AF3131E}.Debug|Any CPU.Build.0 = Debug|Any CPU
		{A7E628DC-0456-4278-ADA1-94F22AF3131E}.Release|Any CPU.ActiveCfg = Release|Any CPU
		{A7E628DC-0456-4278-ADA1-94F22AF3131E}.Release|Any CPU.Build.0 = Release|Any CPU
		{42B2B3F9-3C3D-4A22-8119-85AEFDE35F0C}.Debug|Any CPU.ActiveCfg = Debug|Any CPU
		{42B2B3F9-3C3D-4A22-8119-85AEFDE35F0C}.Debug|Any CPU.Build.0 = Debug|Any CPU
		{42B2B3F9-3C3D-4A22-8119-85AEFDE35F0C}.Release|Any CPU.ActiveCfg = Release|Any CPU
		{42B2B3F9-3C3D-4A22-8119-85AEFDE35F0C}.Release|Any CPU.Build.0 = Release|Any CPU
		{7D38FC90-075B-4148-9FF4-B1B033C54E38}.Debug|Any CPU.ActiveCfg = Debug|Any CPU
		{7D38FC90-075B-4148-9FF4-B1B033C54E38}.Debug|Any CPU.Build.0 = Debug|Any CPU
		{7D38FC90-075B-4148-9FF4-B1B033C54E38}.Release|Any CPU.ActiveCfg = Release|Any CPU
		{7D38FC90-075B-4148-9FF4-B1B033C54E38}.Release|Any CPU.Build.0 = Release|Any CPU
	EndGlobalSection
	GlobalSection(SolutionProperties) = preSolution
		HideSolutionNode = FALSE
	EndGlobalSection
	GlobalSection(ExtensibilityGlobals) = postSolution
		SolutionGuid = {7B177292-F3AB-4131-BF5B-5F494806CB74}
	EndGlobalSection
EndGlobal
