
Microsoft Visual Studio Solution File, Format Version 12.00
# Visual Studio 15
VisualStudioVersion = 15.0.27428.2037
MinimumVisualStudioVersion = 10.0.40219.1
Project("{FAE04EC0-301F-11D3-BF4B-00C04F79EFBC}") = "ClasesPersonas", "ClasesPersonas\ClasesPersonas.csproj", "{7B178C23-EEFC-4A81-9CEA-CFD2470D0B5E}"
EndProject
Project("{FAE04EC0-301F-11D3-BF4B-00C04F79EFBC}") = "Tester", "Tester\Tester.csproj", "{862344B3-3796-4540-95A5-A0DF1B70616A}"
EndProject
Global
	GlobalSection(SolutionConfigurationPlatforms) = preSolution
		Debug|Any CPU = Debug|Any CPU
		Release|Any CPU = Release|Any CPU
	EndGlobalSection
	GlobalSection(ProjectConfigurationPlatforms) = postSolution
		{7B178C23-EEFC-4A81-9CEA-CFD2470D0B5E}.Debug|Any CPU.ActiveCfg = Debug|Any CPU
		{7B178C23-EEFC-4A81-9CEA-CFD2470D0B5E}.Debug|Any CPU.Build.0 = Debug|Any CPU
		{7B178C23-EEFC-4A81-9CEA-CFD2470D0B5E}.Release|Any CPU.ActiveCfg = Release|Any CPU
		{7B178C23-EEFC-4A81-9CEA-CFD2470D0B5E}.Release|Any CPU.Build.0 = Release|Any CPU
		{862344B3-3796-4540-95A5-A0DF1B70616A}.Debug|Any CPU.ActiveCfg = Debug|Any CPU
		{862344B3-3796-4540-95A5-A0DF1B70616A}.Debug|Any CPU.Build.0 = Debug|Any CPU
		{862344B3-3796-4540-95A5-A0DF1B70616A}.Release|Any CPU.ActiveCfg = Release|Any CPU
		{862344B3-3796-4540-95A5-A0DF1B70616A}.Release|Any CPU.Build.0 = Release|Any CPU
	EndGlobalSection
	GlobalSection(SolutionProperties) = preSolution
		HideSolutionNode = FALSE
	EndGlobalSection
	GlobalSection(ExtensibilityGlobals) = postSolution
		SolutionGuid = {08BA82BE-F882-4809-BB7C-5F07CC02425E}
	EndGlobalSection
EndGlobal
