
Microsoft Visual Studio Solution File, Format Version 12.00
# Visual Studio 2012
Project("{FAE04EC0-301F-11D3-BF4B-00C04F79EFBC}") = "CompraVenta", "CompraVenta\CompraVenta.csproj", "{04ACCA51-97CA-4C2F-8013-2224C30A2CF0}"
EndProject
Project("{FAE04EC0-301F-11D3-BF4B-00C04F79EFBC}") = "EjerClase12-PracticaPrimerParcial-Exe", "EjerClase12-PracticaPrimerParcial-Exe\EjerClase12-PracticaPrimerParcial-Exe.csproj", "{17D64E93-E3BF-4394-9F3F-546E322EFB2E}"
EndProject
Global
	GlobalSection(SolutionConfigurationPlatforms) = preSolution
		Debug|Any CPU = Debug|Any CPU
		Release|Any CPU = Release|Any CPU
	EndGlobalSection
	GlobalSection(ProjectConfigurationPlatforms) = postSolution
		{04ACCA51-97CA-4C2F-8013-2224C30A2CF0}.Debug|Any CPU.ActiveCfg = Debug|Any CPU
		{04ACCA51-97CA-4C2F-8013-2224C30A2CF0}.Debug|Any CPU.Build.0 = Debug|Any CPU
		{04ACCA51-97CA-4C2F-8013-2224C30A2CF0}.Release|Any CPU.ActiveCfg = Release|Any CPU
		{04ACCA51-97CA-4C2F-8013-2224C30A2CF0}.Release|Any CPU.Build.0 = Release|Any CPU
		{17D64E93-E3BF-4394-9F3F-546E322EFB2E}.Debug|Any CPU.ActiveCfg = Debug|Any CPU
		{17D64E93-E3BF-4394-9F3F-546E322EFB2E}.Debug|Any CPU.Build.0 = Debug|Any CPU
		{17D64E93-E3BF-4394-9F3F-546E322EFB2E}.Release|Any CPU.ActiveCfg = Release|Any CPU
		{17D64E93-E3BF-4394-9F3F-546E322EFB2E}.Release|Any CPU.Build.0 = Release|Any CPU
	EndGlobalSection
	GlobalSection(SolutionProperties) = preSolution
		HideSolutionNode = FALSE
	EndGlobalSection
EndGlobal
