
Microsoft Visual Studio Solution File, Format Version 12.00
# Visual Studio 2012
Project("{FAE04EC0-301F-11D3-BF4B-00C04F79EFBC}") = "Ejercicio47-Library", "Ejercicio47-Library\Ejercicio47-Library.csproj", "{9761B18A-C42B-4C18-8735-79A614C8B5B4}"
EndProject
Project("{FAE04EC0-301F-11D3-BF4B-00C04F79EFBC}") = "Ejercicio47-Ejecutable", "Ejercicio47-Ejecutable\Ejercicio47-Ejecutable.csproj", "{A7C2587B-E283-4132-BF2C-9E5BF4723FAC}"
EndProject
Global
	GlobalSection(SolutionConfigurationPlatforms) = preSolution
		Debug|Any CPU = Debug|Any CPU
		Release|Any CPU = Release|Any CPU
	EndGlobalSection
	GlobalSection(ProjectConfigurationPlatforms) = postSolution
		{9761B18A-C42B-4C18-8735-79A614C8B5B4}.Debug|Any CPU.ActiveCfg = Debug|Any CPU
		{9761B18A-C42B-4C18-8735-79A614C8B5B4}.Debug|Any CPU.Build.0 = Debug|Any CPU
		{9761B18A-C42B-4C18-8735-79A614C8B5B4}.Release|Any CPU.ActiveCfg = Release|Any CPU
		{9761B18A-C42B-4C18-8735-79A614C8B5B4}.Release|Any CPU.Build.0 = Release|Any CPU
		{A7C2587B-E283-4132-BF2C-9E5BF4723FAC}.Debug|Any CPU.ActiveCfg = Debug|Any CPU
		{A7C2587B-E283-4132-BF2C-9E5BF4723FAC}.Debug|Any CPU.Build.0 = Debug|Any CPU
		{A7C2587B-E283-4132-BF2C-9E5BF4723FAC}.Release|Any CPU.ActiveCfg = Release|Any CPU
		{A7C2587B-E283-4132-BF2C-9E5BF4723FAC}.Release|Any CPU.Build.0 = Release|Any CPU
	EndGlobalSection
	GlobalSection(SolutionProperties) = preSolution
		HideSolutionNode = FALSE
	EndGlobalSection
EndGlobal
