
Microsoft Visual Studio Solution File, Format Version 12.00
# Visual Studio 2012
Project("{FAE04EC0-301F-11D3-BF4B-00C04F79EFBC}") = "Ejercicio47-Library", "Ejercicio47-Library\Ejercicio47-Library.csproj", "{9761B18A-C42B-4C18-8735-79A614C8B5B4}"
EndProject
Project("{FAE04EC0-301F-11D3-BF4B-00C04F79EFBC}") = "Ejercicio47-Ejecutable", "Ejercicio47-Ejecutable\Ejercicio47-Ejecutable.csproj", "{A7C2587B-E283-4132-BF2C-9E5BF4723FAC}"
EndProject
Project("{FAE04EC0-301F-11D3-BF4B-00C04F79EFBC}") = "EjerClase18-Interfaces-Libray", "EjerClase18-Interfaces-Libray\EjerClase18-Interfaces-Libray.csproj", "{C00F6520-5874-40B3-85B5-24662BC3C7D5}"
EndProject
Project("{FAE04EC0-301F-11D3-BF4B-00C04F79EFBC}") = "EjerClase18-Interfaces-Ejecutable", "EjerClase18-Interfaces-Ejecutable\EjerClase18-Interfaces-Ejecutable.csproj", "{6DE225CE-6EE0-46AC-8628-B9916824A3DE}"
EndProject
Project("{FAE04EC0-301F-11D3-BF4B-00C04F79EFBC}") = "Ejercicio42", "Ejercicio42\Ejercicio42.csproj", "{2EA2CC91-E326-4E1B-8453-0401C8606409}"
EndProject
Project("{FAE04EC0-301F-11D3-BF4B-00C04F79EFBC}") = "Ejercicio43-Library", "Ejercicio43-Library\Ejercicio43-Library.csproj", "{471AC205-0AC5-4A78-A3F6-9D5D437D516B}"
EndProject
Project("{FAE04EC0-301F-11D3-BF4B-00C04F79EFBC}") = "Ejercicio43-Ejecutable", "Ejercicio43-Ejecutable\Ejercicio43-Ejecutable.csproj", "{AFBC4358-8D88-4EBC-94ED-86DFEBF14E7B}"
EndProject
Project("{FAE04EC0-301F-11D3-BF4B-00C04F79EFBC}") = "EjerClase19-Library", "EjerClase19-Library\EjerClase19-Library.csproj", "{92BA2A43-044A-41D0-89EB-9E210538925A}"
EndProject
Project("{FAE04EC0-301F-11D3-BF4B-00C04F79EFBC}") = "EjerClase19-Forms", "EjerClase19-Forms\EjerClase19-Forms.csproj", "{9077B13A-520E-4A7F-B68C-43348F545E06}"
EndProject
Project("{FAE04EC0-301F-11D3-BF4B-00C04F79EFBC}") = "Ejercicio45", "UnitTestProject1\Ejercicio45.csproj", "{4EADFFB8-FEED-4A86-927C-6CA6D4B309A4}"
EndProject
Project("{FAE04EC0-301F-11D3-BF4B-00C04F79EFBC}") = "Ejercicio42-Library", "Ejercicio42-Library\Ejercicio42-Library.csproj", "{E811A228-AB66-4E6C-8E2F-73728A9CC1A6}"
EndProject
Project("{FAE04EC0-301F-11D3-BF4B-00C04F79EFBC}") = "Ejercicio46", "Ejercicio46\Ejercicio46.csproj", "{3D3E76D1-450D-4BB6-B347-F68A70AB8BA9}"
EndProject
Project("{FAE04EC0-301F-11D3-BF4B-00C04F79EFBC}") = "Ejercicio48-Library", "Ejercicio48-Library\Ejercicio48-Library.csproj", "{B2533DE0-D82B-40F8-8B42-753F2C66F822}"
EndProject
Project("{FAE04EC0-301F-11D3-BF4B-00C04F79EFBC}") = "Ejercicio48-Ejecutable", "Ejercicio48-Ejecutable\Ejercicio48-Ejecutable.csproj", "{C2220971-9C50-454D-8898-6537D18BA134}"
EndProject
Project("{FAE04EC0-301F-11D3-BF4B-00C04F79EFBC}") = "Ejercicio52", "Ejercicio52\Ejercicio52.csproj", "{0C6A62DE-8C99-4146-AA26-16D7B70EA16A}"
EndProject
Project("{FAE04EC0-301F-11D3-BF4B-00C04F79EFBC}") = "Ejercicio52-Ejecutable", "Ejercicio52-Ejecutable\Ejercicio52-Ejecutable.csproj", "{CD09289E-DF13-41B4-838C-76BAEE940797}"
EndProject
Project("{FAE04EC0-301F-11D3-BF4B-00C04F79EFBC}") = "EjerClase20-Library", "EjerClase20-Library\EjerClase20-Library.csproj", "{DF5BF0F9-BE17-4C89-B91B-5979BB50694E}"
EndProject
Project("{FAE04EC0-301F-11D3-BF4B-00C04F79EFBC}") = "EjerClase20-ejecutable", "EjerClase20-ejecutable\EjerClase20-ejecutable.csproj", "{8E76B11E-54D5-4194-9666-6FDBEC46BB3F}"
EndProject
Project("{FAE04EC0-301F-11D3-BF4B-00C04F79EFBC}") = "EjerClase21_Library", "EjerClase21_Library\EjerClase21_Library.csproj", "{4020BB58-5FD6-4F95-8897-2DB1E168F20C}"
EndProject
Project("{FAE04EC0-301F-11D3-BF4B-00C04F79EFBC}") = "EjerClase21_Exe", "EjerClase21_Exe\EjerClase21_Exe.csproj", "{BF260797-FF58-46C0-B8C5-1C2A5DF74E11}"
EndProject
Global
	GlobalSection(SolutionConfigurationPlatforms) = preSolution
		Debug|Any CPU = Debug|Any CPU
		Release|Any CPU = Release|Any CPU
	EndGlobalSection
	GlobalSection(ProjectConfigurationPlatforms) = postSolution
		{9761B18A-C42B-4C18-8735-79A614C8B5B4}.Debug|Any CPU.ActiveCfg = Debug|Any CPU
		{9761B18A-C42B-4C18-8735-79A614C8B5B4}.Debug|Any CPU.Build.0 = Debug|Any CPU
		{9761B18A-C42B-4C18-8735-79A614C8B5B4}.Release|Any CPU.ActiveCfg = Release|Any CPU
		{9761B18A-C42B-4C18-8735-79A614C8B5B4}.Release|Any CPU.Build.0 = Release|Any CPU
		{A7C2587B-E283-4132-BF2C-9E5BF4723FAC}.Debug|Any CPU.ActiveCfg = Debug|Any CPU
		{A7C2587B-E283-4132-BF2C-9E5BF4723FAC}.Debug|Any CPU.Build.0 = Debug|Any CPU
		{A7C2587B-E283-4132-BF2C-9E5BF4723FAC}.Release|Any CPU.ActiveCfg = Release|Any CPU
		{A7C2587B-E283-4132-BF2C-9E5BF4723FAC}.Release|Any CPU.Build.0 = Release|Any CPU
		{C00F6520-5874-40B3-85B5-24662BC3C7D5}.Debug|Any CPU.ActiveCfg = Debug|Any CPU
		{C00F6520-5874-40B3-85B5-24662BC3C7D5}.Debug|Any CPU.Build.0 = Debug|Any CPU
		{C00F6520-5874-40B3-85B5-24662BC3C7D5}.Release|Any CPU.ActiveCfg = Release|Any CPU
		{C00F6520-5874-40B3-85B5-24662BC3C7D5}.Release|Any CPU.Build.0 = Release|Any CPU
		{6DE225CE-6EE0-46AC-8628-B9916824A3DE}.Debug|Any CPU.ActiveCfg = Debug|Any CPU
		{6DE225CE-6EE0-46AC-8628-B9916824A3DE}.Debug|Any CPU.Build.0 = Debug|Any CPU
		{6DE225CE-6EE0-46AC-8628-B9916824A3DE}.Release|Any CPU.ActiveCfg = Release|Any CPU
		{6DE225CE-6EE0-46AC-8628-B9916824A3DE}.Release|Any CPU.Build.0 = Release|Any CPU
		{2EA2CC91-E326-4E1B-8453-0401C8606409}.Debug|Any CPU.ActiveCfg = Debug|Any CPU
		{2EA2CC91-E326-4E1B-8453-0401C8606409}.Debug|Any CPU.Build.0 = Debug|Any CPU
		{2EA2CC91-E326-4E1B-8453-0401C8606409}.Release|Any CPU.ActiveCfg = Release|Any CPU
		{2EA2CC91-E326-4E1B-8453-0401C8606409}.Release|Any CPU.Build.0 = Release|Any CPU
		{471AC205-0AC5-4A78-A3F6-9D5D437D516B}.Debug|Any CPU.ActiveCfg = Debug|Any CPU
		{471AC205-0AC5-4A78-A3F6-9D5D437D516B}.Debug|Any CPU.Build.0 = Debug|Any CPU
		{471AC205-0AC5-4A78-A3F6-9D5D437D516B}.Release|Any CPU.ActiveCfg = Release|Any CPU
		{471AC205-0AC5-4A78-A3F6-9D5D437D516B}.Release|Any CPU.Build.0 = Release|Any CPU
		{AFBC4358-8D88-4EBC-94ED-86DFEBF14E7B}.Debug|Any CPU.ActiveCfg = Debug|Any CPU
		{AFBC4358-8D88-4EBC-94ED-86DFEBF14E7B}.Debug|Any CPU.Build.0 = Debug|Any CPU
		{AFBC4358-8D88-4EBC-94ED-86DFEBF14E7B}.Release|Any CPU.ActiveCfg = Release|Any CPU
		{AFBC4358-8D88-4EBC-94ED-86DFEBF14E7B}.Release|Any CPU.Build.0 = Release|Any CPU
		{92BA2A43-044A-41D0-89EB-9E210538925A}.Debug|Any CPU.ActiveCfg = Debug|Any CPU
		{92BA2A43-044A-41D0-89EB-9E210538925A}.Debug|Any CPU.Build.0 = Debug|Any CPU
		{92BA2A43-044A-41D0-89EB-9E210538925A}.Release|Any CPU.ActiveCfg = Release|Any CPU
		{92BA2A43-044A-41D0-89EB-9E210538925A}.Release|Any CPU.Build.0 = Release|Any CPU
		{9077B13A-520E-4A7F-B68C-43348F545E06}.Debug|Any CPU.ActiveCfg = Debug|Any CPU
		{9077B13A-520E-4A7F-B68C-43348F545E06}.Debug|Any CPU.Build.0 = Debug|Any CPU
		{9077B13A-520E-4A7F-B68C-43348F545E06}.Release|Any CPU.ActiveCfg = Release|Any CPU
		{9077B13A-520E-4A7F-B68C-43348F545E06}.Release|Any CPU.Build.0 = Release|Any CPU
		{4EADFFB8-FEED-4A86-927C-6CA6D4B309A4}.Debug|Any CPU.ActiveCfg = Debug|Any CPU
		{4EADFFB8-FEED-4A86-927C-6CA6D4B309A4}.Debug|Any CPU.Build.0 = Debug|Any CPU
		{4EADFFB8-FEED-4A86-927C-6CA6D4B309A4}.Release|Any CPU.ActiveCfg = Release|Any CPU
		{4EADFFB8-FEED-4A86-927C-6CA6D4B309A4}.Release|Any CPU.Build.0 = Release|Any CPU
		{E811A228-AB66-4E6C-8E2F-73728A9CC1A6}.Debug|Any CPU.ActiveCfg = Debug|Any CPU
		{E811A228-AB66-4E6C-8E2F-73728A9CC1A6}.Debug|Any CPU.Build.0 = Debug|Any CPU
		{E811A228-AB66-4E6C-8E2F-73728A9CC1A6}.Release|Any CPU.ActiveCfg = Release|Any CPU
		{E811A228-AB66-4E6C-8E2F-73728A9CC1A6}.Release|Any CPU.Build.0 = Release|Any CPU
		{3D3E76D1-450D-4BB6-B347-F68A70AB8BA9}.Debug|Any CPU.ActiveCfg = Debug|Any CPU
		{3D3E76D1-450D-4BB6-B347-F68A70AB8BA9}.Debug|Any CPU.Build.0 = Debug|Any CPU
		{3D3E76D1-450D-4BB6-B347-F68A70AB8BA9}.Release|Any CPU.ActiveCfg = Release|Any CPU
		{3D3E76D1-450D-4BB6-B347-F68A70AB8BA9}.Release|Any CPU.Build.0 = Release|Any CPU
		{B2533DE0-D82B-40F8-8B42-753F2C66F822}.Debug|Any CPU.ActiveCfg = Debug|Any CPU
		{B2533DE0-D82B-40F8-8B42-753F2C66F822}.Debug|Any CPU.Build.0 = Debug|Any CPU
		{B2533DE0-D82B-40F8-8B42-753F2C66F822}.Release|Any CPU.ActiveCfg = Release|Any CPU
		{B2533DE0-D82B-40F8-8B42-753F2C66F822}.Release|Any CPU.Build.0 = Release|Any CPU
		{C2220971-9C50-454D-8898-6537D18BA134}.Debug|Any CPU.ActiveCfg = Debug|Any CPU
		{C2220971-9C50-454D-8898-6537D18BA134}.Debug|Any CPU.Build.0 = Debug|Any CPU
		{C2220971-9C50-454D-8898-6537D18BA134}.Release|Any CPU.ActiveCfg = Release|Any CPU
		{C2220971-9C50-454D-8898-6537D18BA134}.Release|Any CPU.Build.0 = Release|Any CPU
		{0C6A62DE-8C99-4146-AA26-16D7B70EA16A}.Debug|Any CPU.ActiveCfg = Debug|Any CPU
		{0C6A62DE-8C99-4146-AA26-16D7B70EA16A}.Debug|Any CPU.Build.0 = Debug|Any CPU
		{0C6A62DE-8C99-4146-AA26-16D7B70EA16A}.Release|Any CPU.ActiveCfg = Release|Any CPU
		{0C6A62DE-8C99-4146-AA26-16D7B70EA16A}.Release|Any CPU.Build.0 = Release|Any CPU
		{CD09289E-DF13-41B4-838C-76BAEE940797}.Debug|Any CPU.ActiveCfg = Debug|Any CPU
		{CD09289E-DF13-41B4-838C-76BAEE940797}.Debug|Any CPU.Build.0 = Debug|Any CPU
		{CD09289E-DF13-41B4-838C-76BAEE940797}.Release|Any CPU.ActiveCfg = Release|Any CPU
		{CD09289E-DF13-41B4-838C-76BAEE940797}.Release|Any CPU.Build.0 = Release|Any CPU
		{DF5BF0F9-BE17-4C89-B91B-5979BB50694E}.Debug|Any CPU.ActiveCfg = Debug|Any CPU
		{DF5BF0F9-BE17-4C89-B91B-5979BB50694E}.Debug|Any CPU.Build.0 = Debug|Any CPU
		{DF5BF0F9-BE17-4C89-B91B-5979BB50694E}.Release|Any CPU.ActiveCfg = Release|Any CPU
		{DF5BF0F9-BE17-4C89-B91B-5979BB50694E}.Release|Any CPU.Build.0 = Release|Any CPU
		{8E76B11E-54D5-4194-9666-6FDBEC46BB3F}.Debug|Any CPU.ActiveCfg = Debug|Any CPU
		{8E76B11E-54D5-4194-9666-6FDBEC46BB3F}.Debug|Any CPU.Build.0 = Debug|Any CPU
		{8E76B11E-54D5-4194-9666-6FDBEC46BB3F}.Release|Any CPU.ActiveCfg = Release|Any CPU
		{8E76B11E-54D5-4194-9666-6FDBEC46BB3F}.Release|Any CPU.Build.0 = Release|Any CPU
		{4020BB58-5FD6-4F95-8897-2DB1E168F20C}.Debug|Any CPU.ActiveCfg = Debug|Any CPU
		{4020BB58-5FD6-4F95-8897-2DB1E168F20C}.Debug|Any CPU.Build.0 = Debug|Any CPU
		{4020BB58-5FD6-4F95-8897-2DB1E168F20C}.Release|Any CPU.ActiveCfg = Release|Any CPU
		{4020BB58-5FD6-4F95-8897-2DB1E168F20C}.Release|Any CPU.Build.0 = Release|Any CPU
		{BF260797-FF58-46C0-B8C5-1C2A5DF74E11}.Debug|Any CPU.ActiveCfg = Debug|Any CPU
		{BF260797-FF58-46C0-B8C5-1C2A5DF74E11}.Debug|Any CPU.Build.0 = Debug|Any CPU
		{BF260797-FF58-46C0-B8C5-1C2A5DF74E11}.Release|Any CPU.ActiveCfg = Release|Any CPU
		{BF260797-FF58-46C0-B8C5-1C2A5DF74E11}.Release|Any CPU.Build.0 = Release|Any CPU
	EndGlobalSection
	GlobalSection(SolutionProperties) = preSolution
		HideSolutionNode = FALSE
	EndGlobalSection
	GlobalSection(ExtensibilityGlobals) = postSolution
		SolutionGuid = {897AA0E6-EE8A-435F-A9CD-84FEBC087038}
	EndGlobalSection
EndGlobal
